
Microsoft Visual Studio Solution File, Format Version 12.00
# Visual Studio Version 17
VisualStudioVersion = 17.6.33815.320
MinimumVisualStudioVersion = 10.0.40219.1
Project("{FAE04EC0-301F-11D3-BF4B-00C04F79EFBC}") = "ZH3_ANN698", "ZH3_ANN698\ZH3_ANN698.csproj", "{0E0BA5B4-767C-4E57-AACB-2D4D5655B620}"
EndProject
Global
	GlobalSection(SolutionConfigurationPlatforms) = preSolution
		Debug|Any CPU = Debug|Any CPU
		Release|Any CPU = Release|Any CPU
	EndGlobalSection
	GlobalSection(ProjectConfigurationPlatforms) = postSolution
		{0E0BA5B4-767C-4E57-AACB-2D4D5655B620}.Debug|Any CPU.ActiveCfg = Debug|Any CPU
		{0E0BA5B4-767C-4E57-AACB-2D4D5655B620}.Debug|Any CPU.Build.0 = Debug|Any CPU
		{0E0BA5B4-767C-4E57-AACB-2D4D5655B620}.Release|Any CPU.ActiveCfg = Release|Any CPU
		{0E0BA5B4-767C-4E57-AACB-2D4D5655B620}.Release|Any CPU.Build.0 = Release|Any CPU
	EndGlobalSection
	GlobalSection(SolutionProperties) = preSolution
		HideSolutionNode = FALSE
	EndGlobalSection
	GlobalSection(ExtensibilityGlobals) = postSolution
		SolutionGuid = {2F934519-8E6A-4CBB-ACD2-19FCDC95CDB2}
	EndGlobalSection
EndGlobal
